
Microsoft Visual Studio Solution File, Format Version 12.00
# Visual Studio Version 17
VisualStudioVersion = 17.7.33920.267
MinimumVisualStudioVersion = 10.0.40219.1
Project("{FAE04EC0-301F-11D3-BF4B-00C04F79EFBC}") = "AppPrac", "AppPrac.csproj", "{26985D58-9365-4106-850B-6529338B6C72}"
EndProject
Global
	GlobalSection(SolutionConfigurationPlatforms) = preSolution
		Debug|Any CPU = Debug|Any CPU
		Release|Any CPU = Release|Any CPU
	EndGlobalSection
	GlobalSection(ProjectConfigurationPlatforms) = postSolution
		{26985D58-9365-4106-850B-6529338B6C72}.Debug|Any CPU.ActiveCfg = Debug|Any CPU
		{26985D58-9365-4106-850B-6529338B6C72}.Debug|Any CPU.Build.0 = Debug|Any CPU
		{26985D58-9365-4106-850B-6529338B6C72}.Debug|Any CPU.Deploy.0 = Debug|Any CPU
		{26985D58-9365-4106-850B-6529338B6C72}.Release|Any CPU.ActiveCfg = Release|Any CPU
		{26985D58-9365-4106-850B-6529338B6C72}.Release|Any CPU.Build.0 = Release|Any CPU
		{26985D58-9365-4106-850B-6529338B6C72}.Release|Any CPU.Deploy.0 = Release|Any CPU
	EndGlobalSection
	GlobalSection(SolutionProperties) = preSolution
		HideSolutionNode = FALSE
	EndGlobalSection
	GlobalSection(ExtensibilityGlobals) = postSolution
		SolutionGuid = {14D0BB64-400B-4E2F-B960-113AD4B606F4}
	EndGlobalSection
EndGlobal
